{
  "name": "health-manage",
  "version": "1.0.0",
  "lockfileVersion": 1,
  "requires": true,
  "dependencies": {
    "neo-async": {
      "version": "2.6.2",
      "resolved": "https://registry.npmmirror.com/neo-async/-/neo-async-2.6.2.tgz",
      "integrity": "sha512-Yd3UES5mWCSqR+qNT93S3UoYUkqAZ9lLg8a7g9rimsWmYGK8cVToA4/sF3RrshdyV3sAGMXVUmpMYOw+dLpOuw==",
      "dev": true
    },
    "sass-loader": {
      "version": "14.1.1",
      "resolved": "https://registry.npmmirror.com/sass-loader/-/sass-loader-14.1.1.tgz",
      "integrity": "sha512-QX8AasDg75monlybel38BZ49JP5Z+uSKfKwF2rO7S74BywaRmGQMUBw9dtkS+ekyM/QnP+NOrRYq8ABMZ9G8jw==",
      "dev": true,
      "requires": {
        "neo-async": "^2.6.2"
      }
    },
    "uview-ui": {
      "version": "1.8.8",
      "resolved": "https://registry.npmmirror.com/uview-ui/-/uview-ui-1.8.8.tgz",
      "integrity": "sha512-Osal3yzXiHor0In9OPTZuXTaqTbDglMZ9RGK/MPYDoQQs+y0hrBCUD0Xp5T70C8i2lLu2X6Z11zJhmsQWMR7Jg=="
    }
  }
}
